
Microsoft Visual Studio Solution File, Format Version 12.00
# Visual Studio 15
VisualStudioVersion = 15.0.28307.2092
MinimumVisualStudioVersion = 10.0.40219.1
Project("{FAE04EC0-301F-11D3-BF4B-00C04F79EFBC}") = "MiniGameProject", "MiniGameProject\MiniGameProject.csproj", "{C23AF343-1BD3-40A4-9A29-0BE20CFB96D9}"
EndProject
Global
	GlobalSection(SolutionConfigurationPlatforms) = preSolution
		Debug|Any CPU = Debug|Any CPU
		Release|Any CPU = Release|Any CPU
	EndGlobalSection
	GlobalSection(ProjectConfigurationPlatforms) = postSolution
		{C23AF343-1BD3-40A4-9A29-0BE20CFB96D9}.Debug|Any CPU.ActiveCfg = Debug|Any CPU
		{C23AF343-1BD3-40A4-9A29-0BE20CFB96D9}.Debug|Any CPU.Build.0 = Debug|Any CPU
		{C23AF343-1BD3-40A4-9A29-0BE20CFB96D9}.Release|Any CPU.ActiveCfg = Release|Any CPU
		{C23AF343-1BD3-40A4-9A29-0BE20CFB96D9}.Release|Any CPU.Build.0 = Release|Any CPU
	EndGlobalSection
	GlobalSection(SolutionProperties) = preSolution
		HideSolutionNode = FALSE
	EndGlobalSection
	GlobalSection(ExtensibilityGlobals) = postSolution
		SolutionGuid = {F00C375B-3299-4EAC-ACF5-237EC8F7B057}
	EndGlobalSection
EndGlobal
